PODS:
  - _NIODataStructures (2.38.0)
  - AppAuth (1.5.0):
    - AppAuth/Core (= 1.5.0)
    - AppAuth/ExternalUserAgent (= 1.5.0)
  - AppAuth/Core (1.5.0)
  - AppAuth/ExternalUserAgent (1.5.0):
    - AppAuth/Core
  - CGRPCZlib (1.7.3)
  - ChatSecure (1.0.0):
    - FBSDKLoginKit
    - GoogleSignIn
    - GoogleWebRTC
    - Mantle
    - MSAL
    - Networking
    - RealmSwift
    - SignalProtocolObjC
    - SignalServiceKit
    - SocketRocket
    - SwiftSRP
    - YapDatabase/SQLCipher
  - CNIOAtomics (2.38.0)
  - CNIOBoringSSL (2.15.1)
  - CNIOBoringSSLShims (2.15.1):
    - CNIOBoringSSL (= 2.15.1)
  - CNIODarwin (2.38.0)
  - CNIOHTTPParser (2.38.0)
  - CNIOLinux (2.38.0)
  - CNIOWindows (2.38.0)
  - CocoaLumberjack (3.7.4):
    - CocoaLumberjack/Core (= 3.7.4)
  - CocoaLumberjack/Core (3.7.4)
  - Common (1.0.0):
    - KeychainAccess
  - CommonUI (1.0.0):
    - Common
    - Introspect
  - CryptoSwift (1.4.3)
  - FBAEMKit (13.1.0):
    - FBSDKCoreKit_Basics (= 13.1.0)
  - FBSDKCoreKit (13.1.0):
    - FBAEMKit (= 13.1.0)
    - FBSDKCoreKit_Basics (= 13.1.0)
  - FBSDKCoreKit_Basics (13.1.0)
  - FBSDKLoginKit (13.1.0):
    - FBSDKCoreKit (= 13.1.0)
  - Firebase/Analytics (8.15.0):
    - Firebase/Core
  - Firebase/Core (8.15.0):
    - Firebase/CoreOnly
    - FirebaseAnalytics (~> 8.15.0)
  - Firebase/CoreOnly (8.15.0):
    - FirebaseCore (= 8.15.0)
  - FirebaseAnalytics (8.15.0):
    - FirebaseAnalytics/AdIdSupport (= 8.15.0)
    - FirebaseCore (~> 8.0)
    - FirebaseInstallations (~> 8.0)
    - GoogleUtilities/AppDelegateSwizzler (~> 7.7)
    - GoogleUtilities/MethodSwizzler (~> 7.7)
    - GoogleUtilities/Network (~> 7.7)
    - "GoogleUtilities/NSData+zlib (~> 7.7)"
    - nanopb (~> 2.30908.0)
  - FirebaseAnalytics/AdIdSupport (8.15.0):
    - FirebaseCore (~> 8.0)
    - FirebaseInstallations (~> 8.0)
    - GoogleAppMeasurement (= 8.15.0)
    - GoogleUtilities/AppDelegateSwizzler (~> 7.7)
    - GoogleUtilities/MethodSwizzler (~> 7.7)
    - GoogleUtilities/Network (~> 7.7)
    - "GoogleUtilities/NSData+zlib (~> 7.7)"
    - nanopb (~> 2.30908.0)
  - FirebaseCore (8.15.0):
    - FirebaseCoreDiagnostics (~> 8.0)
    - GoogleUtilities/Environment (~> 7.7)
    - GoogleUtilities/Logger (~> 7.7)
  - FirebaseCoreDiagnostics (8.15.0):
    - GoogleDataTransport (~> 9.1)
    - GoogleUtilities/Environment (~> 7.7)
    - GoogleUtilities/Logger (~> 7.7)
    - nanopb (~> 2.30908.0)
  - FirebaseInstallations (8.15.0):
    - FirebaseCore (~> 8.0)
    - GoogleUtilities/Environment (~> 7.7)
    - GoogleUtilities/UserDefaults (~> 7.7)
    - PromisesObjC (< 3.0, >= 1.2)
  - GoogleAppMeasurement (8.15.0):
    - GoogleAppMeasurement/AdIdSupport (= 8.15.0)
    - GoogleUtilities/AppDelegateSwizzler (~> 7.7)
    - GoogleUtilities/MethodSwizzler (~> 7.7)
    - GoogleUtilities/Network (~> 7.7)
    - "GoogleUtilities/NSData+zlib (~> 7.7)"
    - nanopb (~> 2.30908.0)
  - GoogleAppMeasurement/AdIdSupport (8.15.0):
    - GoogleAppMeasurement/WithoutAdIdSupport (= 8.15.0)
    - GoogleUtilities/AppDelegateSwizzler (~> 7.7)
    - GoogleUtilities/MethodSwizzler (~> 7.7)
    - GoogleUtilities/Network (~> 7.7)
    - "GoogleUtilities/NSData+zlib (~> 7.7)"
    - nanopb (~> 2.30908.0)
  - GoogleAppMeasurement/WithoutAdIdSupport (8.15.0):
    - GoogleUtilities/AppDelegateSwizzler (~> 7.7)
    - GoogleUtilities/MethodSwizzler (~> 7.7)
    - GoogleUtilities/Network (~> 7.7)
    - "GoogleUtilities/NSData+zlib (~> 7.7)"
    - nanopb (~> 2.30908.0)
  - GoogleDataTransport (9.1.2):
    - GoogleUtilities/Environment (~> 7.2)
    - nanopb (~> 2.30908.0)
    - PromisesObjC (< 3.0, >= 1.2)
  - GoogleSignIn (6.1.0):
    - AppAuth (~> 1.4)
    - GTMAppAuth (~> 1.0)
    - GTMSessionFetcher/Core (~> 1.1)
  - GoogleUtilities/AppDelegateSwizzler (7.7.0):
    - GoogleUtilities/Environment
    - GoogleUtilities/Logger
    - GoogleUtilities/Network
  - GoogleUtilities/Environment (7.7.0):
    - PromisesObjC (< 3.0, >= 1.2)
  - GoogleUtilities/Logger (7.7.0):
    - GoogleUtilities/Environment
  - GoogleUtilities/MethodSwizzler (7.7.0):
    - GoogleUtilities/Logger
  - GoogleUtilities/Network (7.7.0):
    - GoogleUtilities/Logger
    - "GoogleUtilities/NSData+zlib"
    - GoogleUtilities/Reachability
  - "GoogleUtilities/NSData+zlib (7.7.0)"
  - GoogleUtilities/Reachability (7.7.0):
    - GoogleUtilities/Logger
  - GoogleUtilities/UserDefaults (7.7.0):
    - GoogleUtilities/Logger
  - GoogleWebRTC (1.1.31999)
  - gRPC-Swift (1.7.3):
    - CGRPCZlib (= 1.7.3)
    - Logging (< 2.0.0, >= 1.4.0)
    - SwiftNIO (< 3.0.0, >= 2.32.0)
    - SwiftNIOExtras (< 2.0.0, >= 1.4.0)
    - SwiftNIOHTTP2 (< 2.0.0, >= 1.19.2)
    - SwiftNIOSSL (< 3.0.0, >= 2.14.0)
    - SwiftNIOTransportServices (< 2.0.0, >= 1.11.1)
    - SwiftProtobuf (< 2.0.0, >= 1.9.0)
  - GTMAppAuth (1.2.3):
    - AppAuth/Core (~> 1.4)
    - GTMSessionFetcher/Core (~> 1.5)
  - GTMSessionFetcher/Core (1.7.1)
  - Introspect (0.1.4)
  - KeychainAccess (4.2.2)
  - LibSignalClient (0.17.0):
    - SignalCoreKit
  - Logging (1.4.0)
  - Mantle (2.2.0):
    - Mantle/extobjc (= 2.2.0)
  - Mantle/extobjc (2.2.0)
  - Model (1.0.0)
  - MSAL (1.2.1):
    - MSAL/app-lib (= 1.2.1)
  - MSAL/app-lib (1.2.1)
  - nanopb (2.30908.0):
    - nanopb/decode (= 2.30908.0)
    - nanopb/encode (= 2.30908.0)
  - nanopb/decode (2.30908.0)
  - nanopb/encode (2.30908.0)
  - netfox (1.21.0)
  - Networking (1.0.0):
    - Common
    - gRPC-Swift
    - Model
    - SwiftProtobuf
  - OpenSSL-Universal (1.1.1400)
  - PromisesObjC (2.1.0)
  - Realm (10.25.1):
    - Realm/Headers (= 10.25.1)
  - Realm/Headers (10.25.1)
  - RealmSwift (10.25.1):
    - Realm (= 10.25.1)
  - SignalCoreKit (1.0.0):
    - CocoaLumberjack
    - OpenSSL-Universal
  - SignalProtocolC (2.3.1)
  - SignalProtocolObjC (1.0.0):
    - SignalProtocolC (= 2.3.1)
  - SignalServiceKit (1.0.0):
    - Common
    - LibSignalClient
    - SignalCoreKit
  - SocketRocket (0.6.0)
  - SQLCipher (4.5.1):
    - SQLCipher/standard (= 4.5.1)
  - SQLCipher/common (4.5.1)
  - SQLCipher/standard (4.5.1):
    - SQLCipher/common
  - SwiftLint (0.47.0)
  - SwiftNIO (2.38.0):
    - SwiftNIOCore (= 2.38.0)
    - SwiftNIOEmbedded (= 2.38.0)
    - SwiftNIOPosix (= 2.38.0)
  - SwiftNIOConcurrencyHelpers (2.38.0):
    - CNIOAtomics (= 2.38.0)
  - SwiftNIOCore (2.38.0):
    - CNIOLinux (= 2.38.0)
    - SwiftNIOConcurrencyHelpers (= 2.38.0)
  - SwiftNIOEmbedded (2.38.0):
    - _NIODataStructures (= 2.38.0)
    - SwiftNIOCore (= 2.38.0)
  - SwiftNIOExtras (1.10.2):
    - SwiftNIO (< 3, >= 2.32.0)
  - SwiftNIOFoundationCompat (2.38.0):
    - SwiftNIO (= 2.38.0)
    - SwiftNIOCore (= 2.38.0)
  - SwiftNIOHPACK (1.20.1):
    - SwiftNIO (< 3, >= 2.35.0)
    - SwiftNIOConcurrencyHelpers (< 3, >= 2.35.0)
    - SwiftNIOCore (< 3, >= 2.35.0)
    - SwiftNIOHTTP1 (< 3, >= 2.35.0)
  - SwiftNIOHTTP1 (2.38.0):
    - CNIOHTTPParser (= 2.38.0)
    - SwiftNIO (= 2.38.0)
    - SwiftNIOConcurrencyHelpers (= 2.38.0)
    - SwiftNIOCore (= 2.38.0)
  - SwiftNIOHTTP2 (1.20.1):
    - SwiftNIO (< 3, >= 2.35.0)
    - SwiftNIOConcurrencyHelpers (< 3, >= 2.35.0)
    - SwiftNIOCore (< 3, >= 2.35.0)
    - SwiftNIOHPACK (= 1.20.1)
    - SwiftNIOHTTP1 (< 3, >= 2.35.0)
    - SwiftNIOTLS (< 3, >= 2.35.0)
  - SwiftNIOPosix (2.38.0):
    - _NIODataStructures (= 2.38.0)
    - CNIODarwin (= 2.38.0)
    - CNIOLinux (= 2.38.0)
    - CNIOWindows (= 2.38.0)
    - SwiftNIOConcurrencyHelpers (= 2.38.0)
    - SwiftNIOCore (= 2.38.0)
  - SwiftNIOSSL (2.15.1):
    - CNIOBoringSSL (= 2.15.1)
    - CNIOBoringSSLShims (= 2.15.1)
    - SwiftNIO (< 3, >= 2.32.0)
    - SwiftNIOConcurrencyHelpers (< 3, >= 2.32.0)
    - SwiftNIOCore (< 3, >= 2.32.0)
    - SwiftNIOTLS (< 3, >= 2.32.0)
  - SwiftNIOTLS (2.38.0):
    - SwiftNIO (= 2.38.0)
    - SwiftNIOCore (= 2.38.0)
  - SwiftNIOTransportServices (1.11.4):
    - SwiftNIO (< 3, >= 2.32.0)
    - SwiftNIOConcurrencyHelpers (< 3, >= 2.32.0)
    - SwiftNIOFoundationCompat (< 3, >= 2.32.0)
    - SwiftNIOTLS (< 3, >= 2.32.0)
  - SwiftProtobuf (1.19.0)
  - SwiftSRP (1.0.0):
    - CryptoSwift
    - OpenSSL-Universal
  - YapDatabase/SQLCipher (4.0.1):
    - YapDatabase/SQLCipher/Core (= 4.0.1)
    - YapDatabase/SQLCipher/Extensions (= 4.0.1)
  - YapDatabase/SQLCipher-ObjC/Core (4.0.1):
    - SQLCipher (>= 3.4.0)
  - YapDatabase/SQLCipher-ObjC/Extensions/ActionManager (4.0.1):
    - YapDatabase/SQLCipher-ObjC/Core
    - YapDatabase/SQLCipher-ObjC/Extensions/AutoView
  - YapDatabase/SQLCipher-ObjC/Extensions/AutoView (4.0.1):
    - YapDatabase/SQLCipher-ObjC/Core
    - YapDatabase/SQLCipher-ObjC/Extensions/View
  - YapDatabase/SQLCipher-ObjC/Extensions/CloudCore (4.0.1):
    - YapDatabase/SQLCipher-ObjC/Core
  - YapDatabase/SQLCipher-ObjC/Extensions/CloudKit (4.0.1):
    - YapDatabase/SQLCipher-ObjC/Core
  - YapDatabase/SQLCipher-ObjC/Extensions/CrossProcessNotification (4.0.1):
    - YapDatabase/SQLCipher-ObjC/Core
  - YapDatabase/SQLCipher-ObjC/Extensions/FilteredView (4.0.1):
    - YapDatabase/SQLCipher-ObjC/Core
    - YapDatabase/SQLCipher-ObjC/Extensions/View
  - YapDatabase/SQLCipher-ObjC/Extensions/FullTextSearch (4.0.1):
    - YapDatabase/SQLCipher-ObjC/Core
  - YapDatabase/SQLCipher-ObjC/Extensions/Hooks (4.0.1):
    - YapDatabase/SQLCipher-ObjC/Core
  - YapDatabase/SQLCipher-ObjC/Extensions/ManualView (4.0.1):
    - YapDatabase/SQLCipher-ObjC/Core
    - YapDatabase/SQLCipher-ObjC/Extensions/View
  - YapDatabase/SQLCipher-ObjC/Extensions/Relationships (4.0.1):
    - YapDatabase/SQLCipher-ObjC/Core
  - YapDatabase/SQLCipher-ObjC/Extensions/RTreeIndex (4.0.1):
    - YapDatabase/SQLCipher-ObjC/Core
  - YapDatabase/SQLCipher-ObjC/Extensions/SearchResultsView (4.0.1):
    - YapDatabase/SQLCipher-ObjC/Core
    - YapDatabase/SQLCipher-ObjC/Extensions/AutoView
    - YapDatabase/SQLCipher-ObjC/Extensions/FullTextSearch
  - YapDatabase/SQLCipher-ObjC/Extensions/SecondaryIndex (4.0.1):
    - YapDatabase/SQLCipher-ObjC/Core
  - YapDatabase/SQLCipher-ObjC/Extensions/View (4.0.1):
    - YapDatabase/SQLCipher-ObjC/Core
  - YapDatabase/SQLCipher/Core (4.0.1):
    - YapDatabase/SQLCipher-ObjC/Core
  - YapDatabase/SQLCipher/Extensions (4.0.1):
    - YapDatabase/SQLCipher/Core
    - YapDatabase/SQLCipher/Extensions/ActionManager (= 4.0.1)
    - YapDatabase/SQLCipher/Extensions/AutoView (= 4.0.1)
    - YapDatabase/SQLCipher/Extensions/CloudCore (= 4.0.1)
    - YapDatabase/SQLCipher/Extensions/CloudKit (= 4.0.1)
    - YapDatabase/SQLCipher/Extensions/CrossProcessNotification (= 4.0.1)
    - YapDatabase/SQLCipher/Extensions/FilteredView (= 4.0.1)
    - YapDatabase/SQLCipher/Extensions/FullTextSearch (= 4.0.1)
    - YapDatabase/SQLCipher/Extensions/Hooks (= 4.0.1)
    - YapDatabase/SQLCipher/Extensions/ManualView (= 4.0.1)
    - YapDatabase/SQLCipher/Extensions/Relationships (= 4.0.1)
    - YapDatabase/SQLCipher/Extensions/RTreeIndex (= 4.0.1)
    - YapDatabase/SQLCipher/Extensions/SearchResultsView (= 4.0.1)
    - YapDatabase/SQLCipher/Extensions/SecondaryIndex (= 4.0.1)
    - YapDatabase/SQLCipher/Extensions/View (= 4.0.1)
  - YapDatabase/SQLCipher/Extensions/ActionManager (4.0.1):
    - YapDatabase/SQLCipher-ObjC/Extensions/ActionManager
    - YapDatabase/SQLCipher/Core
    - YapDatabase/SQLCipher/Extensions/AutoView
  - YapDatabase/SQLCipher/Extensions/AutoView (4.0.1):
    - YapDatabase/SQLCipher-ObjC/Extensions/AutoView
    - YapDatabase/SQLCipher/Core
    - YapDatabase/SQLCipher/Extensions/View
  - YapDatabase/SQLCipher/Extensions/CloudCore (4.0.1):
    - YapDatabase/SQLCipher-ObjC/Extensions/CloudCore
    - YapDatabase/SQLCipher/Core
  - YapDatabase/SQLCipher/Extensions/CloudKit (4.0.1):
    - YapDatabase/SQLCipher-ObjC/Extensions/CloudKit
    - YapDatabase/SQLCipher/Core
  - YapDatabase/SQLCipher/Extensions/CrossProcessNotification (4.0.1):
    - YapDatabase/SQLCipher-ObjC/Extensions/CrossProcessNotification
    - YapDatabase/SQLCipher/Core
  - YapDatabase/SQLCipher/Extensions/FilteredView (4.0.1):
    - YapDatabase/SQLCipher-ObjC/Extensions/FilteredView
    - YapDatabase/SQLCipher/Core
    - YapDatabase/SQLCipher/Extensions/View
  - YapDatabase/SQLCipher/Extensions/FullTextSearch (4.0.1):
    - YapDatabase/SQLCipher-ObjC/Extensions/FullTextSearch
    - YapDatabase/SQLCipher/Core
  - YapDatabase/SQLCipher/Extensions/Hooks (4.0.1):
    - YapDatabase/SQLCipher-ObjC/Extensions/Hooks
    - YapDatabase/SQLCipher/Core
  - YapDatabase/SQLCipher/Extensions/ManualView (4.0.1):
    - YapDatabase/SQLCipher-ObjC/Extensions/ManualView
    - YapDatabase/SQLCipher/Core
    - YapDatabase/SQLCipher/Extensions/View
  - YapDatabase/SQLCipher/Extensions/Relationships (4.0.1):
    - YapDatabase/SQLCipher-ObjC/Extensions/Relationships
    - YapDatabase/SQLCipher/Core
  - YapDatabase/SQLCipher/Extensions/RTreeIndex (4.0.1):
    - YapDatabase/SQLCipher-ObjC/Extensions/RTreeIndex
    - YapDatabase/SQLCipher/Core
  - YapDatabase/SQLCipher/Extensions/SearchResultsView (4.0.1):
    - YapDatabase/SQLCipher-ObjC/Extensions/SearchResultsView
    - YapDatabase/SQLCipher/Core
    - YapDatabase/SQLCipher/Extensions/AutoView
    - YapDatabase/SQLCipher/Extensions/FullTextSearch
  - YapDatabase/SQLCipher/Extensions/SecondaryIndex (4.0.1):
    - YapDatabase/SQLCipher-ObjC/Extensions/SecondaryIndex
    - YapDatabase/SQLCipher/Core
  - YapDatabase/SQLCipher/Extensions/View (4.0.1):
    - YapDatabase/SQLCipher-ObjC/Extensions/View
    - YapDatabase/SQLCipher/Core

DEPENDENCIES:
  - ChatSecure (from `./Packages/ChatSecure`)
  - Common (from `./Packages/Common`)
  - CommonUI (from `./Packages/CommonUI`)
  - FBSDKLoginKit
  - Firebase/Analytics
  - GoogleSignIn
  - GoogleWebRTC
  - KeychainAccess
  - LibSignalClient (from `https://github.com/signalapp/libsignal.git`)
  - Model (from `./Packages/Model`)
  - MSAL
  - netfox
  - Networking (from `./Packages/Networking`)
  - SignalCoreKit (from `https://github.com/signalapp/SignalCoreKit.git`)
  - SignalProtocolObjC (from `https://github.com/nohtbook/SignalProtocol-ObjC.git`)
  - SignalServiceKit (from `./Packages/SignalServiceKit`)
  - SocketRocket
  - SwiftLint
  - SwiftSRP (from `./Packages/SwiftSRP`)

SPEC REPOS:
  https://github.com/CocoaPods/Specs.git:
    - _NIODataStructures
    - AppAuth
    - CGRPCZlib
    - CNIOAtomics
    - CNIOBoringSSL
    - CNIOBoringSSLShims
    - CNIODarwin
    - CNIOHTTPParser
    - CNIOLinux
    - CNIOWindows
    - CocoaLumberjack
    - CryptoSwift
    - FBAEMKit
    - FBSDKCoreKit
    - FBSDKCoreKit_Basics
    - FBSDKLoginKit
    - Firebase
    - FirebaseAnalytics
    - FirebaseCore
    - FirebaseCoreDiagnostics
    - FirebaseInstallations
    - GoogleAppMeasurement
    - GoogleDataTransport
    - GoogleSignIn
    - GoogleUtilities
    - GoogleWebRTC
    - gRPC-Swift
    - GTMAppAuth
    - GTMSessionFetcher
    - Introspect
    - KeychainAccess
    - Logging
    - Mantle
    - MSAL
    - nanopb
    - netfox
    - OpenSSL-Universal
    - PromisesObjC
    - Realm
    - RealmSwift
    - SignalProtocolC
    - SocketRocket
    - SQLCipher
    - SwiftLint
    - SwiftNIO
    - SwiftNIOConcurrencyHelpers
    - SwiftNIOCore
    - SwiftNIOEmbedded
    - SwiftNIOExtras
    - SwiftNIOFoundationCompat
    - SwiftNIOHPACK
    - SwiftNIOHTTP1
    - SwiftNIOHTTP2
    - SwiftNIOPosix
    - SwiftNIOSSL
    - SwiftNIOTLS
    - SwiftNIOTransportServices
    - SwiftProtobuf
    - YapDatabase

EXTERNAL SOURCES:
  ChatSecure:
    :path: "./Packages/ChatSecure"
  Common:
    :path: "./Packages/Common"
  CommonUI:
    :path: "./Packages/CommonUI"
  LibSignalClient:
    :git: https://github.com/signalapp/libsignal.git
  Model:
    :path: "./Packages/Model"
  Networking:
    :path: "./Packages/Networking"
  SignalCoreKit:
    :git: https://github.com/signalapp/SignalCoreKit.git
  SignalProtocolObjC:
    :git: https://github.com/nohtbook/SignalProtocol-ObjC.git
  SignalServiceKit:
    :path: "./Packages/SignalServiceKit"
  SwiftSRP:
    :path: "./Packages/SwiftSRP"

CHECKOUT OPTIONS:
  LibSignalClient:
    :commit: 2c32fb802d1f8d6739ade32901a3f5d84e7ec19b
    :git: https://github.com/signalapp/libsignal.git
  SignalCoreKit:
    :commit: 603f75807e30b7fa83843a74e6934563136c3027
    :git: https://github.com/signalapp/SignalCoreKit.git
  SignalProtocolObjC:
    :commit: 69f3a62db411613a2dc64b67d1acad8602545ef3
    :git: https://github.com/nohtbook/SignalProtocol-ObjC.git

SPEC CHECKSUMS:
  _NIODataStructures: d8175e5ca5a34ec19b7ff21de298dd2a4d30818d
  AppAuth: 80317d99ac7ff2801a2f18ff86b48cd315ed465d
  CGRPCZlib: 30d7ed7cd286bf929605052dd64075a694d86d0c
  ChatSecure: b8f4d8a017d554315ee96d3579593fbc027b7dfa
  CNIOAtomics: 00b638e1b0dac91d06d4bb089ea9126c117c6650
  CNIOBoringSSL: c99129423da079a9eb74bcfc7cfec41a6775cf94
  CNIOBoringSSLShims: 902ae35fea0b6be5eefb4fdce906751886cfa46f
  CNIODarwin: e6cba4513e4f7633981e2e0eb3fca39cfbb834c4
  CNIOHTTPParser: f3bd2955c9c8669ea2ae0f1f4f03df1fea2ed90d
  CNIOLinux: f8801300bb296d16dee59a82aba1613a08cfbe23
  CNIOWindows: 1cc6fb2af1d445f52f2d39cecf7069873f7d5b0d
  CocoaLumberjack: 543c79c114dadc3b1aba95641d8738b06b05b646
  Common: 9ca33d62db967fd912890469f5c1ef3b1e9bcc48
  CommonUI: dec98f82f7b33e7242a6b9399c3a53e1991e3063
  CryptoSwift: a0799ee936271bd2253a006f1e4523df21845000
  FBAEMKit: 3be32ffb79fe7c0603fed00d81742b23241e89a5
  FBSDKCoreKit: eff97dea778dbe6cc4498959cffb619c75675102
  FBSDKCoreKit_Basics: c151609a1cf6976a5958febcf0043266a8fd5151
  FBSDKLoginKit: 42932c7ad6f6b91854fc0a6bcc79b7e807bcde4b
  Firebase: 5f8193dff4b5b7c5d5ef72ae54bb76c08e2b841d
  FirebaseAnalytics: 7761cbadb00a717d8d0939363eb46041526474fa
  FirebaseCore: 5743c5785c074a794d35f2fff7ecc254a91e08b1
  FirebaseCoreDiagnostics: 92e07a649aeb66352b319d43bdd2ee3942af84cb
  FirebaseInstallations: 40bd9054049b2eae9a2c38ef1c3dd213df3605cd
  GoogleAppMeasurement: 4c19f031220c72464d460c9daa1fb5d1acce958e
  GoogleDataTransport: 629c20a4d363167143f30ea78320d5a7eb8bd940
  GoogleSignIn: c90b5bec45e780f54c6a8e1e3c182a86e3dda69d
  GoogleUtilities: e0913149f6b0625b553d70dae12b49fc62914fd1
  GoogleWebRTC: b39a78c4f5cc6b0323415b9233db03a2faa7b0f0
  gRPC-Swift: 910b685f0527f496c39751d1f1add981287e8b9d
  GTMAppAuth: 987526d41b07efb1bedda5e936fe0cb718a03113
  GTMSessionFetcher: 4577a4cc914a5a07c40a8a0ad0acc22080418c2d
  Introspect: b62c4dd2063072327c21d618ef2bedc3c87bc366
  KeychainAccess: c0c4f7f38f6fc7bbe58f5702e25f7bd2f65abf51
  LibSignalClient: 0979e736d85a419b75ecedc36ffcea821a5cea14
  Logging: beeb016c9c80cf77042d62e83495816847ef108b
  Mantle: c5aa8794a29a022dfbbfc9799af95f477a69b62d
  Model: 1874d7c7695319a01f7341e4c3928f510d09679f
  MSAL: 460571f34a9062c501841d099f8e51fc30557deb
  nanopb: a0ba3315591a9ae0a16a309ee504766e90db0c96
  netfox: 9d5cc727fe7576c4c7688a2504618a156b7d44b7
  Networking: 808db21220dc0e0bcf83c3f5056d3d2099303546
  OpenSSL-Universal: cd40d7493c1e9696794f62e2a0e8c729115b7188
  PromisesObjC: 99b6f43f9e1044bd87a95a60beff28c2c44ddb72
  Realm: 1a6e9b4f6983711655d8c0bcb6d2d29c3afbb1f3
  RealmSwift: e72669550d27082aa4fad5d176f5076cfe806245
  SignalCoreKit: 87da14c58d57760793b892ff03838c5ef2ce1167
  SignalProtocolC: e61c89693515347df8ed97961160a36cbe55c441
  SignalProtocolObjC: 35f26e21de41b6c9fbf8ec5087f3e02580df15e3
  SignalServiceKit: acec0970f2e3b17c742b2704ce9ac9a8d8fda4d6
  SocketRocket: fccef3f9c5cedea1353a9ef6ada904fde10d6608
  SQLCipher: 712e8416685e8e575b9b0706ffee71678b2fdcf8
  SwiftLint: d41cc46a2ae58ac6d9f26954bc89f1d72e71fdef
  SwiftNIO: 9bc23fada7254a38f1417533a4514aabdcb7cf31
  SwiftNIOConcurrencyHelpers: ec57adfc490604a341904994fbf98de61a8b5497
  SwiftNIOCore: 156fd84c03dc877a5f22d0ba575745cafe4a83ca
  SwiftNIOEmbedded: b5625cb78841ad4daa50d71a930c768531233770
  SwiftNIOExtras: 70f09aa8eca3ab6baeaf1993da9c855b6e95e97f
  SwiftNIOFoundationCompat: 98de7f9d7c70510cbe1d1b0faf843b29926da520
  SwiftNIOHPACK: 73074b776ec3950049bcd03c4be7d2d233416492
  SwiftNIOHTTP1: 2ec5bf1a511b8c04b5da3d9803374dc6077eff57
  SwiftNIOHTTP2: c916c2e6383446bc1f3da61eb1036fd8943f994a
  SwiftNIOPosix: b9cee2136fcb51223bf63b00795089c6928dd876
  SwiftNIOSSL: 7c2ddcbcbb2a8188468b7fe9c2bc6124df4b3772
  SwiftNIOTLS: 0182f05297af9faa8e03f63be3fed637523496d4
  SwiftNIOTransportServices: 0b0baa86fcdbef3e4651b3ea8311ea7b43c13211
  SwiftProtobuf: 6ef3f0e422ef90d6605ca20b21a94f6c1324d6b3
  SwiftSRP: 383b585bae7ed60f824f4959d12ee406a70466c1
  YapDatabase: 350ab72b61f9dcc32504594da1a52a93f5ef1476

PODFILE CHECKSUM: 0079586f5b3730bc3c147af29befdbdfd411e895

COCOAPODS: 1.11.3
