PODS:
  - _NIODataStructures (2.40.0)
  - AppAuth (1.6.0):
    - AppAuth/Core (= 1.6.0)
    - AppAuth/ExternalUserAgent (= 1.6.0)
  - AppAuth/Core (1.6.0)
  - AppAuth/ExternalUserAgent (1.6.0):
    - AppAuth/Core
  - CallManager (1.0.0):
    - ChatSecure
    - GoogleWebRTC
    - SocketRocket
  - CGRPCZlib (1.8.0)
  - ChatSecure (1.0.0):
    - Mantle
    - Networking
    - SignalProtocolObjC
    - SignalServiceKit
    - SwiftSRP
    - YapDatabase/SQLCipher
  - CNIOAtomics (2.40.0)
  - CNIOBoringSSL (2.19.0)
  - CNIOBoringSSLShims (2.19.0):
    - CNIOBoringSSL (= 2.19.0)
  - CNIODarwin (2.40.0)
  - CNIOHTTPParser (2.40.0)
  - CNIOLinux (2.40.0)
  - CNIOWindows (2.40.0)
  - CocoaLumberjack (3.8.0):
    - CocoaLumberjack/Core (= 3.8.0)
  - CocoaLumberjack/Core (3.8.0)
  - Common (1.0.0):
    - KeychainAccess
    - Networking
    - RealmSwift
  - CommonUI (1.0.0):
    - Common
    - Introspect
    - Kingfisher (~> 7.0)
  - CryptoSwift (1.6.0)
  - FBSDKCoreKit (6.5.2):
    - FBSDKCoreKit/Basics (= 6.5.2)
    - FBSDKCoreKit/Core (= 6.5.2)
  - FBSDKCoreKit/Basics (6.5.2)
  - FBSDKCoreKit/Core (6.5.2):
    - FBSDKCoreKit/Basics
  - FBSDKCoreKit/Swift (6.5.2):
    - FBSDKCoreKit/Core
  - FBSDKLoginKit (6.5.2):
    - FBSDKLoginKit/Login (= 6.5.2)
  - FBSDKLoginKit/Login (6.5.2):
    - FBSDKCoreKit (~> 6.5.2)
  - FBSDKLoginKit/Swift (6.5.2):
    - FBSDKCoreKit/Swift (~> 6.5.2)
    - FBSDKLoginKit/Login
  - Firebase/Analytics (10.3.0):
    - Firebase/Core
  - Firebase/Core (10.3.0):
    - Firebase/CoreOnly
    - FirebaseAnalytics (~> 10.3.0)
  - Firebase/CoreOnly (10.3.0):
    - FirebaseCore (= 10.3.0)
  - FirebaseAnalytics (10.3.0):
    - FirebaseAnalytics/AdIdSupport (= 10.3.0)
    - FirebaseCore (~> 10.0)
    - FirebaseInstallations (~> 10.0)
    - GoogleUtilities/AppDelegateSwizzler (~> 7.8)
    - GoogleUtilities/MethodSwizzler (~> 7.8)
    - GoogleUtilities/Network (~> 7.8)
    - "GoogleUtilities/NSData+zlib (~> 7.8)"
    - nanopb (< 2.30910.0, >= 2.30908.0)
  - FirebaseAnalytics/AdIdSupport (10.3.0):
    - FirebaseCore (~> 10.0)
    - FirebaseInstallations (~> 10.0)
    - GoogleAppMeasurement (= 10.3.0)
    - GoogleUtilities/AppDelegateSwizzler (~> 7.8)
    - GoogleUtilities/MethodSwizzler (~> 7.8)
    - GoogleUtilities/Network (~> 7.8)
    - "GoogleUtilities/NSData+zlib (~> 7.8)"
    - nanopb (< 2.30910.0, >= 2.30908.0)
  - FirebaseCore (10.3.0):
    - FirebaseCoreInternal (~> 10.0)
    - GoogleUtilities/Environment (~> 7.8)
    - GoogleUtilities/Logger (~> 7.8)
  - FirebaseCoreInternal (10.3.0):
    - "GoogleUtilities/NSData+zlib (~> 7.8)"
  - FirebaseInstallations (10.3.0):
    - FirebaseCore (~> 10.0)
    - GoogleUtilities/Environment (~> 7.8)
    - GoogleUtilities/UserDefaults (~> 7.8)
    - PromisesObjC (~> 2.1)
  - GoogleAppMeasurement (10.3.0):
    - GoogleAppMeasurement/AdIdSupport (= 10.3.0)
    - GoogleUtilities/AppDelegateSwizzler (~> 7.8)
    - GoogleUtilities/MethodSwizzler (~> 7.8)
    - GoogleUtilities/Network (~> 7.8)
    - "GoogleUtilities/NSData+zlib (~> 7.8)"
    - nanopb (< 2.30910.0, >= 2.30908.0)
  - GoogleAppMeasurement/AdIdSupport (10.3.0):
    - GoogleAppMeasurement/WithoutAdIdSupport (= 10.3.0)
    - GoogleUtilities/AppDelegateSwizzler (~> 7.8)
    - GoogleUtilities/MethodSwizzler (~> 7.8)
    - GoogleUtilities/Network (~> 7.8)
    - "GoogleUtilities/NSData+zlib (~> 7.8)"
    - nanopb (< 2.30910.0, >= 2.30908.0)
  - GoogleAppMeasurement/WithoutAdIdSupport (10.3.0):
    - GoogleUtilities/AppDelegateSwizzler (~> 7.8)
    - GoogleUtilities/MethodSwizzler (~> 7.8)
    - GoogleUtilities/Network (~> 7.8)
    - "GoogleUtilities/NSData+zlib (~> 7.8)"
    - nanopb (< 2.30910.0, >= 2.30908.0)
  - GoogleSignIn (7.0.0):
    - AppAuth (~> 1.5)
    - GTMAppAuth (< 3.0, >= 1.3)
    - GTMSessionFetcher/Core (< 4.0, >= 1.1)
  - GoogleUtilities/AppDelegateSwizzler (7.11.0):
    - GoogleUtilities/Environment
    - GoogleUtilities/Logger
    - GoogleUtilities/Network
  - GoogleUtilities/Environment (7.11.0):
    - PromisesObjC (< 3.0, >= 1.2)
  - GoogleUtilities/Logger (7.11.0):
    - GoogleUtilities/Environment
  - GoogleUtilities/MethodSwizzler (7.11.0):
    - GoogleUtilities/Logger
  - GoogleUtilities/Network (7.11.0):
    - GoogleUtilities/Logger
    - "GoogleUtilities/NSData+zlib"
    - GoogleUtilities/Reachability
  - "GoogleUtilities/NSData+zlib (7.11.0)"
  - GoogleUtilities/Reachability (7.11.0):
    - GoogleUtilities/Logger
  - GoogleUtilities/UserDefaults (7.11.0):
    - GoogleUtilities/Logger
  - GoogleWebRTC (1.1.31999)
  - gRPC-Swift (1.8.0):
    - CGRPCZlib (= 1.8.0)
    - Logging (< 2.0.0, >= 1.4.0)
    - SwiftNIO (< 3.0.0, >= 2.32.0)
    - SwiftNIOExtras (< 2.0.0, >= 1.4.0)
    - SwiftNIOHTTP2 (< 2.0.0, >= 1.22.0)
    - SwiftNIOSSL (< 3.0.0, >= 2.14.0)
    - SwiftNIOTransportServices (< 2.0.0, >= 1.11.1)
    - SwiftProtobuf (< 2.0.0, >= 1.19.0)
  - GTMAppAuth (2.0.0):
    - AppAuth/Core (~> 1.6)
    - GTMSessionFetcher/Core (< 4.0, >= 1.5)
  - GTMSessionFetcher/Core (3.1.0)
  - Introspect (0.1.4)
  - KeychainAccess (4.2.2)
  - Kingfisher (7.5.0)
  - LibSignalClient (0.21.1):
    - SignalCoreKit
  - Logging (1.4.0)
  - Mantle (2.2.0):
    - Mantle/extobjc (= 2.2.0)
  - Mantle/extobjc (2.2.0)
  - Model (1.0.0)
  - MSAL (1.2.6):
    - MSAL/app-lib (= 1.2.6)
  - MSAL/app-lib (1.2.6)
  - nanopb (2.30909.0):
    - nanopb/decode (= 2.30909.0)
    - nanopb/encode (= 2.30909.0)
  - nanopb/decode (2.30909.0)
  - nanopb/encode (2.30909.0)
  - netfox (1.21.0)
  - Networking (1.0.0):
    - gRPC-Swift
    - Model
    - SwiftProtobuf
  - OpenSSL-Universal (1.1.1900)
  - PhoneNumberKit (3.3.4):
    - PhoneNumberKit/PhoneNumberKitCore (= 3.3.4)
    - PhoneNumberKit/UIKit (= 3.3.4)
  - PhoneNumberKit/PhoneNumberKitCore (3.3.4)
  - PhoneNumberKit/UIKit (3.3.4):
    - PhoneNumberKit/PhoneNumberKitCore
  - PromisesObjC (2.1.1)
  - Realm (10.33.0):
    - Realm/Headers (= 10.33.0)
  - Realm/Headers (10.33.0)
  - RealmSwift (10.33.0):
    - Realm (= 10.33.0)
  - SignalCoreKit (1.0.0):
    - CocoaLumberjack
    - OpenSSL-Universal
  - SignalProtocolC (2.3.1)
  - SignalProtocolObjC (1.0.0):
    - SignalProtocolC (= 2.3.1)
  - SignalServiceKit (1.0.0):
    - Common
    - LibSignalClient
    - SignalCoreKit
  - SocialAuthentication (1.0.0):
    - ChatSecure
    - FBSDKLoginKit
    - GoogleSignIn
    - MSAL
    - Networking
  - SocketRocket (0.6.0)
  - SQLCipher (4.5.3):
    - SQLCipher/standard (= 4.5.3)
  - SQLCipher/common (4.5.3)
  - SQLCipher/standard (4.5.3):
    - SQLCipher/common
  - SwiftLint (0.50.3)
  - SwiftNIO (2.40.0):
    - _NIODataStructures (= 2.40.0)
    - CNIOAtomics (= 2.40.0)
    - CNIODarwin (= 2.40.0)
    - CNIOLinux (= 2.40.0)
    - CNIOWindows (= 2.40.0)
    - SwiftNIOConcurrencyHelpers (= 2.40.0)
    - SwiftNIOCore (= 2.40.0)
    - SwiftNIOEmbedded (= 2.40.0)
    - SwiftNIOPosix (= 2.40.0)
  - SwiftNIOConcurrencyHelpers (2.40.0):
    - CNIOAtomics (= 2.40.0)
  - SwiftNIOCore (2.40.0):
    - CNIOAtomics (= 2.40.0)
    - CNIOLinux (= 2.40.0)
    - SwiftNIOConcurrencyHelpers (= 2.40.0)
  - SwiftNIOEmbedded (2.40.0):
    - _NIODataStructures (= 2.40.0)
    - CNIOAtomics (= 2.40.0)
    - CNIOLinux (= 2.40.0)
    - SwiftNIOConcurrencyHelpers (= 2.40.0)
    - SwiftNIOCore (= 2.40.0)
  - SwiftNIOExtras (1.11.0):
    - _NIODataStructures (< 3, >= 2.32.0)
    - CNIOAtomics (< 3, >= 2.32.0)
    - CNIODarwin (< 3, >= 2.32.0)
    - CNIOLinux (< 3, >= 2.32.0)
    - CNIOWindows (< 3, >= 2.32.0)
    - SwiftNIO (< 3, >= 2.32.0)
    - SwiftNIOConcurrencyHelpers (< 3, >= 2.32.0)
    - SwiftNIOCore (< 3, >= 2.32.0)
    - SwiftNIOEmbedded (< 3, >= 2.32.0)
    - SwiftNIOPosix (< 3, >= 2.32.0)
  - SwiftNIOFoundationCompat (2.40.0):
    - _NIODataStructures (= 2.40.0)
    - CNIOAtomics (= 2.40.0)
    - CNIODarwin (= 2.40.0)
    - CNIOLinux (= 2.40.0)
    - CNIOWindows (= 2.40.0)
    - SwiftNIO (= 2.40.0)
    - SwiftNIOConcurrencyHelpers (= 2.40.0)
    - SwiftNIOCore (= 2.40.0)
    - SwiftNIOEmbedded (= 2.40.0)
    - SwiftNIOPosix (= 2.40.0)
  - SwiftNIOHPACK (1.22.0):
    - _NIODataStructures (< 3, >= 2.35.0)
    - CNIOAtomics (< 3, >= 2.35.0)
    - CNIODarwin (< 3, >= 2.35.0)
    - CNIOHTTPParser (< 3, >= 2.35.0)
    - CNIOLinux (< 3, >= 2.35.0)
    - CNIOWindows (< 3, >= 2.35.0)
    - SwiftNIO (< 3, >= 2.35.0)
    - SwiftNIOConcurrencyHelpers (< 3, >= 2.35.0)
    - SwiftNIOCore (< 3, >= 2.35.0)
    - SwiftNIOEmbedded (< 3, >= 2.35.0)
    - SwiftNIOHTTP1 (< 3, >= 2.35.0)
    - SwiftNIOPosix (< 3, >= 2.35.0)
  - SwiftNIOHTTP1 (2.40.0):
    - _NIODataStructures (= 2.40.0)
    - CNIOAtomics (= 2.40.0)
    - CNIODarwin (= 2.40.0)
    - CNIOHTTPParser (= 2.40.0)
    - CNIOLinux (= 2.40.0)
    - CNIOWindows (= 2.40.0)
    - SwiftNIO (= 2.40.0)
    - SwiftNIOConcurrencyHelpers (= 2.40.0)
    - SwiftNIOCore (= 2.40.0)
    - SwiftNIOEmbedded (= 2.40.0)
    - SwiftNIOPosix (= 2.40.0)
  - SwiftNIOHTTP2 (1.22.0):
    - _NIODataStructures (< 3, >= 2.35.0)
    - CNIOAtomics (< 3, >= 2.35.0)
    - CNIODarwin (< 3, >= 2.35.0)
    - CNIOHTTPParser (< 3, >= 2.35.0)
    - CNIOLinux (< 3, >= 2.35.0)
    - CNIOWindows (< 3, >= 2.35.0)
    - SwiftNIO (< 3, >= 2.35.0)
    - SwiftNIOConcurrencyHelpers (< 3, >= 2.35.0)
    - SwiftNIOCore (< 3, >= 2.35.0)
    - SwiftNIOEmbedded (< 3, >= 2.35.0)
    - SwiftNIOHPACK (= 1.22.0)
    - SwiftNIOHTTP1 (< 3, >= 2.35.0)
    - SwiftNIOPosix (< 3, >= 2.35.0)
    - SwiftNIOTLS (< 3, >= 2.35.0)
  - SwiftNIOPosix (2.40.0):
    - _NIODataStructures (= 2.40.0)
    - CNIOAtomics (= 2.40.0)
    - CNIODarwin (= 2.40.0)
    - CNIOLinux (= 2.40.0)
    - CNIOWindows (= 2.40.0)
    - SwiftNIOConcurrencyHelpers (= 2.40.0)
    - SwiftNIOCore (= 2.40.0)
  - SwiftNIOSSL (2.19.0):
    - _NIODataStructures (< 3, >= 2.32.0)
    - CNIOAtomics (< 3, >= 2.32.0)
    - CNIOBoringSSL (= 2.19.0)
    - CNIOBoringSSLShims (= 2.19.0)
    - CNIODarwin (< 3, >= 2.32.0)
    - CNIOLinux (< 3, >= 2.32.0)
    - CNIOWindows (< 3, >= 2.32.0)
    - SwiftNIO (< 3, >= 2.32.0)
    - SwiftNIOConcurrencyHelpers (< 3, >= 2.32.0)
    - SwiftNIOCore (< 3, >= 2.32.0)
    - SwiftNIOEmbedded (< 3, >= 2.32.0)
    - SwiftNIOPosix (< 3, >= 2.32.0)
    - SwiftNIOTLS (< 3, >= 2.32.0)
  - SwiftNIOTLS (2.40.0):
    - _NIODataStructures (= 2.40.0)
    - CNIOAtomics (= 2.40.0)
    - CNIODarwin (= 2.40.0)
    - CNIOLinux (= 2.40.0)
    - CNIOWindows (= 2.40.0)
    - SwiftNIO (= 2.40.0)
    - SwiftNIOConcurrencyHelpers (= 2.40.0)
    - SwiftNIOCore (= 2.40.0)
    - SwiftNIOEmbedded (= 2.40.0)
    - SwiftNIOPosix (= 2.40.0)
  - SwiftNIOTransportServices (1.12.0):
    - _NIODataStructures (< 3, >= 2.32.0)
    - CNIOAtomics (< 3, >= 2.32.0)
    - CNIODarwin (< 3, >= 2.32.0)
    - CNIOLinux (< 3, >= 2.32.0)
    - CNIOWindows (< 3, >= 2.32.0)
    - SwiftNIO (< 3, >= 2.32.0)
    - SwiftNIOConcurrencyHelpers (< 3, >= 2.32.0)
    - SwiftNIOCore (< 3, >= 2.32.0)
    - SwiftNIOEmbedded (< 3, >= 2.32.0)
    - SwiftNIOFoundationCompat (< 3, >= 2.32.0)
    - SwiftNIOPosix (< 3, >= 2.32.0)
    - SwiftNIOTLS (< 3, >= 2.32.0)
  - SwiftProtobuf (1.20.3)
  - SwiftSRP (1.0.0):
    - CryptoSwift
    - OpenSSL-Universal
  - YapDatabase/SQLCipher (4.0.1):
    - YapDatabase/SQLCipher/Core (= 4.0.1)
    - YapDatabase/SQLCipher/Extensions (= 4.0.1)
  - YapDatabase/SQLCipher-ObjC/Core (4.0.1):
    - SQLCipher (>= 3.4.0)
  - YapDatabase/SQLCipher-ObjC/Extensions/ActionManager (4.0.1):
    - YapDatabase/SQLCipher-ObjC/Core
    - YapDatabase/SQLCipher-ObjC/Extensions/AutoView
  - YapDatabase/SQLCipher-ObjC/Extensions/AutoView (4.0.1):
    - YapDatabase/SQLCipher-ObjC/Core
    - YapDatabase/SQLCipher-ObjC/Extensions/View
  - YapDatabase/SQLCipher-ObjC/Extensions/CloudCore (4.0.1):
    - YapDatabase/SQLCipher-ObjC/Core
  - YapDatabase/SQLCipher-ObjC/Extensions/CloudKit (4.0.1):
    - YapDatabase/SQLCipher-ObjC/Core
  - YapDatabase/SQLCipher-ObjC/Extensions/CrossProcessNotification (4.0.1):
    - YapDatabase/SQLCipher-ObjC/Core
  - YapDatabase/SQLCipher-ObjC/Extensions/FilteredView (4.0.1):
    - YapDatabase/SQLCipher-ObjC/Core
    - YapDatabase/SQLCipher-ObjC/Extensions/View
  - YapDatabase/SQLCipher-ObjC/Extensions/FullTextSearch (4.0.1):
    - YapDatabase/SQLCipher-ObjC/Core
  - YapDatabase/SQLCipher-ObjC/Extensions/Hooks (4.0.1):
    - YapDatabase/SQLCipher-ObjC/Core
  - YapDatabase/SQLCipher-ObjC/Extensions/ManualView (4.0.1):
    - YapDatabase/SQLCipher-ObjC/Core
    - YapDatabase/SQLCipher-ObjC/Extensions/View
  - YapDatabase/SQLCipher-ObjC/Extensions/Relationships (4.0.1):
    - YapDatabase/SQLCipher-ObjC/Core
  - YapDatabase/SQLCipher-ObjC/Extensions/RTreeIndex (4.0.1):
    - YapDatabase/SQLCipher-ObjC/Core
  - YapDatabase/SQLCipher-ObjC/Extensions/SearchResultsView (4.0.1):
    - YapDatabase/SQLCipher-ObjC/Core
    - YapDatabase/SQLCipher-ObjC/Extensions/AutoView
    - YapDatabase/SQLCipher-ObjC/Extensions/FullTextSearch
  - YapDatabase/SQLCipher-ObjC/Extensions/SecondaryIndex (4.0.1):
    - YapDatabase/SQLCipher-ObjC/Core
  - YapDatabase/SQLCipher-ObjC/Extensions/View (4.0.1):
    - YapDatabase/SQLCipher-ObjC/Core
  - YapDatabase/SQLCipher/Core (4.0.1):
    - YapDatabase/SQLCipher-ObjC/Core
  - YapDatabase/SQLCipher/Extensions (4.0.1):
    - YapDatabase/SQLCipher/Core
    - YapDatabase/SQLCipher/Extensions/ActionManager (= 4.0.1)
    - YapDatabase/SQLCipher/Extensions/AutoView (= 4.0.1)
    - YapDatabase/SQLCipher/Extensions/CloudCore (= 4.0.1)
    - YapDatabase/SQLCipher/Extensions/CloudKit (= 4.0.1)
    - YapDatabase/SQLCipher/Extensions/CrossProcessNotification (= 4.0.1)
    - YapDatabase/SQLCipher/Extensions/FilteredView (= 4.0.1)
    - YapDatabase/SQLCipher/Extensions/FullTextSearch (= 4.0.1)
    - YapDatabase/SQLCipher/Extensions/Hooks (= 4.0.1)
    - YapDatabase/SQLCipher/Extensions/ManualView (= 4.0.1)
    - YapDatabase/SQLCipher/Extensions/Relationships (= 4.0.1)
    - YapDatabase/SQLCipher/Extensions/RTreeIndex (= 4.0.1)
    - YapDatabase/SQLCipher/Extensions/SearchResultsView (= 4.0.1)
    - YapDatabase/SQLCipher/Extensions/SecondaryIndex (= 4.0.1)
    - YapDatabase/SQLCipher/Extensions/View (= 4.0.1)
  - YapDatabase/SQLCipher/Extensions/ActionManager (4.0.1):
    - YapDatabase/SQLCipher-ObjC/Extensions/ActionManager
    - YapDatabase/SQLCipher/Core
    - YapDatabase/SQLCipher/Extensions/AutoView
  - YapDatabase/SQLCipher/Extensions/AutoView (4.0.1):
    - YapDatabase/SQLCipher-ObjC/Extensions/AutoView
    - YapDatabase/SQLCipher/Core
    - YapDatabase/SQLCipher/Extensions/View
  - YapDatabase/SQLCipher/Extensions/CloudCore (4.0.1):
    - YapDatabase/SQLCipher-ObjC/Extensions/CloudCore
    - YapDatabase/SQLCipher/Core
  - YapDatabase/SQLCipher/Extensions/CloudKit (4.0.1):
    - YapDatabase/SQLCipher-ObjC/Extensions/CloudKit
    - YapDatabase/SQLCipher/Core
  - YapDatabase/SQLCipher/Extensions/CrossProcessNotification (4.0.1):
    - YapDatabase/SQLCipher-ObjC/Extensions/CrossProcessNotification
    - YapDatabase/SQLCipher/Core
  - YapDatabase/SQLCipher/Extensions/FilteredView (4.0.1):
    - YapDatabase/SQLCipher-ObjC/Extensions/FilteredView
    - YapDatabase/SQLCipher/Core
    - YapDatabase/SQLCipher/Extensions/View
  - YapDatabase/SQLCipher/Extensions/FullTextSearch (4.0.1):
    - YapDatabase/SQLCipher-ObjC/Extensions/FullTextSearch
    - YapDatabase/SQLCipher/Core
  - YapDatabase/SQLCipher/Extensions/Hooks (4.0.1):
    - YapDatabase/SQLCipher-ObjC/Extensions/Hooks
    - YapDatabase/SQLCipher/Core
  - YapDatabase/SQLCipher/Extensions/ManualView (4.0.1):
    - YapDatabase/SQLCipher-ObjC/Extensions/ManualView
    - YapDatabase/SQLCipher/Core
    - YapDatabase/SQLCipher/Extensions/View
  - YapDatabase/SQLCipher/Extensions/Relationships (4.0.1):
    - YapDatabase/SQLCipher-ObjC/Extensions/Relationships
    - YapDatabase/SQLCipher/Core
  - YapDatabase/SQLCipher/Extensions/RTreeIndex (4.0.1):
    - YapDatabase/SQLCipher-ObjC/Extensions/RTreeIndex
    - YapDatabase/SQLCipher/Core
  - YapDatabase/SQLCipher/Extensions/SearchResultsView (4.0.1):
    - YapDatabase/SQLCipher-ObjC/Extensions/SearchResultsView
    - YapDatabase/SQLCipher/Core
    - YapDatabase/SQLCipher/Extensions/AutoView
    - YapDatabase/SQLCipher/Extensions/FullTextSearch
  - YapDatabase/SQLCipher/Extensions/SecondaryIndex (4.0.1):
    - YapDatabase/SQLCipher-ObjC/Extensions/SecondaryIndex
    - YapDatabase/SQLCipher/Core
  - YapDatabase/SQLCipher/Extensions/View (4.0.1):
    - YapDatabase/SQLCipher-ObjC/Extensions/View
    - YapDatabase/SQLCipher/Core

DEPENDENCIES:
  - CallManager (from `./Packages/CallManager`)
  - ChatSecure (from `./Packages/ChatSecure`)
  - Common (from `./Packages/Common`)
  - CommonUI (from `./Packages/CommonUI`)
  - FBSDKCoreKit/Swift
  - FBSDKLoginKit/Swift
  - Firebase/Analytics
  - GoogleSignIn
  - GoogleWebRTC
  - KeychainAccess
  - LibSignalClient (from `https://github.com/signalapp/libsignal.git`)
  - Model (from `./Packages/Model`)
  - MSAL
  - netfox
  - Networking (from `./Packages/Networking`)
  - PhoneNumberKit (~> 3.3)
  - SignalCoreKit (from `https://github.com/signalapp/SignalCoreKit.git`)
  - SignalProtocolObjC (from `https://github.com/nohtbook/SignalProtocol-ObjC.git`)
  - SignalServiceKit (from `./Packages/SignalServiceKit`)
  - SocialAuthentication (from `./Packages/SocialAuthentication`)
  - SocketRocket
  - SwiftLint
  - SwiftSRP (from `./Packages/SwiftSRP`)

SPEC REPOS:
  https://github.com/CocoaPods/Specs.git:
    - _NIODataStructures
    - AppAuth
    - CGRPCZlib
    - CNIOAtomics
    - CNIOBoringSSL
    - CNIOBoringSSLShims
    - CNIODarwin
    - CNIOHTTPParser
    - CNIOLinux
    - CNIOWindows
    - CocoaLumberjack
    - CryptoSwift
    - FBSDKCoreKit
    - FBSDKLoginKit
    - Firebase
    - FirebaseAnalytics
    - FirebaseCore
    - FirebaseCoreInternal
    - FirebaseInstallations
    - GoogleAppMeasurement
    - GoogleSignIn
    - GoogleUtilities
    - GoogleWebRTC
    - gRPC-Swift
    - GTMAppAuth
    - GTMSessionFetcher
    - Introspect
    - KeychainAccess
    - Kingfisher
    - Logging
    - Mantle
    - MSAL
    - nanopb
    - netfox
    - OpenSSL-Universal
    - PhoneNumberKit
    - PromisesObjC
    - Realm
    - RealmSwift
    - SignalProtocolC
    - SocketRocket
    - SQLCipher
    - SwiftLint
    - SwiftNIO
    - SwiftNIOConcurrencyHelpers
    - SwiftNIOCore
    - SwiftNIOEmbedded
    - SwiftNIOExtras
    - SwiftNIOFoundationCompat
    - SwiftNIOHPACK
    - SwiftNIOHTTP1
    - SwiftNIOHTTP2
    - SwiftNIOPosix
    - SwiftNIOSSL
    - SwiftNIOTLS
    - SwiftNIOTransportServices
    - SwiftProtobuf
    - YapDatabase

EXTERNAL SOURCES:
  CallManager:
    :path: "./Packages/CallManager"
  ChatSecure:
    :path: "./Packages/ChatSecure"
  Common:
    :path: "./Packages/Common"
  CommonUI:
    :path: "./Packages/CommonUI"
  LibSignalClient:
    :git: https://github.com/signalapp/libsignal.git
  Model:
    :path: "./Packages/Model"
  Networking:
    :path: "./Packages/Networking"
  SignalCoreKit:
    :git: https://github.com/signalapp/SignalCoreKit.git
  SignalProtocolObjC:
    :git: https://github.com/nohtbook/SignalProtocol-ObjC.git
  SignalServiceKit:
    :path: "./Packages/SignalServiceKit"
  SocialAuthentication:
    :path: "./Packages/SocialAuthentication"
  SwiftSRP:
    :path: "./Packages/SwiftSRP"

CHECKOUT OPTIONS:
  LibSignalClient:
    :commit: dd0315ad267d7bfc3118524285644a6d00fb7763
    :git: https://github.com/signalapp/libsignal.git
  SignalCoreKit:
    :commit: 5ae90e076c516a4b025045e38017f49353cf3f76
    :git: https://github.com/signalapp/SignalCoreKit.git
  SignalProtocolObjC:
    :commit: 69f3a62db411613a2dc64b67d1acad8602545ef3
    :git: https://github.com/nohtbook/SignalProtocol-ObjC.git

SPEC CHECKSUMS:
  _NIODataStructures: 3d45d8e70a1d17a15b1dc59d102c63dbc0525ffd
  AppAuth: 8fca6b5563a5baef2c04bee27538025e4ceb2add
  CallManager: 47b5694cd700873417b55725830fd49a9251da74
  CGRPCZlib: 298dd3237ba4bd7b3eed109e7080ff3324b7d9c9
  ChatSecure: 40725723d7a422786459f1acb656318c8f5611f9
  CNIOAtomics: 8edf08644e5e6fa0f021c239be9e8beb1cd9ef18
  CNIOBoringSSL: 2c9c96c2e95f15e83fb8d26b9738d939cc39ae33
  CNIOBoringSSLShims: c5c9346e7bbd1040f4f8793a35441dda7487539a
  CNIODarwin: 93850990d29f2626b05306c6c9309f9be0d74c2f
  CNIOHTTPParser: 8ce395236fa1d09ac3b4f4bcfba79b849b2ac684
  CNIOLinux: 62e3505f50de558c393dc2f273dde71dcce518da
  CNIOWindows: 3047f2d8165848a3936a0a755fee27c6b5ee479b
  CocoaLumberjack: 78abfb691154e2a9df8ded4350d504ee19d90732
  Common: e3c30556145a36a52c70942b4e81a4c625c0bca9
  CommonUI: 7e13d3080c01ca6c10e014cf05c1baba5acb8f20
  CryptoSwift: 562f8eceb40e80796fffc668b0cad9313284cfa6
  FBSDKCoreKit: ada5c8a05188daefc9addb985c52b8a1b26da519
  FBSDKLoginKit: caa165495afa29a12324cb2307fe6e5b33783142
  Firebase: f92fc551ead69c94168d36c2b26188263860acd9
  FirebaseAnalytics: 036232b6a1e2918e5f67572417be1173576245f3
  FirebaseCore: 988754646ab3bd4bdcb740f1bfe26b9f6c0d5f2a
  FirebaseCoreInternal: 29b76f784d607df8b2a1259d73c3f04f1210137b
  FirebaseInstallations: e2f26126089dcf41e215f7b8925af8d953c7d602
  GoogleAppMeasurement: c7d6fff39bf2d829587d74088d582e32d75133c3
  GoogleSignIn: b232380cf495a429b8095d3178a8d5855b42e842
  GoogleUtilities: c2bdc4cf2ce786c4d2e6b3bcfd599a25ca78f06f
  GoogleWebRTC: b39a78c4f5cc6b0323415b9233db03a2faa7b0f0
  gRPC-Swift: 74adcaaa62ac5e0a018938840328cb1fdfb09e7b
  GTMAppAuth: 99fb010047ba3973b7026e45393f51f27ab965ae
  GTMSessionFetcher: c9e714f7eec91a55641e2bab9f45fd83a219b882
  Introspect: b62c4dd2063072327c21d618ef2bedc3c87bc366
  KeychainAccess: c0c4f7f38f6fc7bbe58f5702e25f7bd2f65abf51
  Kingfisher: b9c2a4a4af2990a768445c277359b27bde287d71
  LibSignalClient: e85dcaa008cc02b9fe828d8d8aebc527565d1e7b
  Logging: beeb016c9c80cf77042d62e83495816847ef108b
  Mantle: c5aa8794a29a022dfbbfc9799af95f477a69b62d
  Model: 7d8df91e7e99744bd128a6da2f17a3fc0f31fd18
  MSAL: bd4b040f859205c39b01859eb177974a7ec20704
  nanopb: b552cce312b6c8484180ef47159bc0f65a1f0431
  netfox: 9d5cc727fe7576c4c7688a2504618a156b7d44b7
  Networking: 8c229e55db7c220043e5fdb5a819e03736655559
  OpenSSL-Universal: 84efb8a29841f2764ac5403e0c4119a28b713346
  PhoneNumberKit: 441e8b26ec88d598e3591de9061eff18f5dd12e8
  PromisesObjC: ab77feca74fa2823e7af4249b8326368e61014cb
  Realm: d4f810e161fa2c2c589b9860b6eb09238deacd73
  RealmSwift: cef9946f09f2333a8f2ac8bac4f8de52fb9f5ac3
  SignalCoreKit: 9febad2d82f80c5b2f446740c68f1fba6d4cd9b2
  SignalProtocolC: e61c89693515347df8ed97961160a36cbe55c441
  SignalProtocolObjC: 35f26e21de41b6c9fbf8ec5087f3e02580df15e3
  SignalServiceKit: 8e59ea550cebc2dd82d056ce496f4b7d67bc8751
  SocialAuthentication: a292577b91a34fe538d8d00f2afcda60707d8801
  SocketRocket: fccef3f9c5cedea1353a9ef6ada904fde10d6608
  SQLCipher: 57fa9f863fa4a3ed9dd3c90ace52315db8c0fdca
  SwiftLint: 77f7cb2b9bb81ab4a12fcc86448ba3f11afa50c6
  SwiftNIO: 829958aab300642625091f82fc2f49cb7cf4ef24
  SwiftNIOConcurrencyHelpers: 697370136789b1074e4535eaae75cbd7f900370e
  SwiftNIOCore: 473fdfe746534d7aa25766916459eeaf6f92ef49
  SwiftNIOEmbedded: ffcb5147db67d9686c8366b7f8427b36132f2c8a
  SwiftNIOExtras: 481f74d6bf0b0ef699905ed66439cb019c4975c9
  SwiftNIOFoundationCompat: b9cdbea4806e4a12e9f66d9696fa3b98c4c3232b
  SwiftNIOHPACK: e7d3ff5bd671528adfb11cd4e0c84ddfdc3c4453
  SwiftNIOHTTP1: ef56706550a1dc135ea69d65215b9941e643c23b
  SwiftNIOHTTP2: cc81d7a6ba70d2ddc5376f471904b27ef5d2b7b8
  SwiftNIOPosix: b49af4bdbecaadfadd5c93dfe28594d6722b75e4
  SwiftNIOSSL: d153c5a6fc5b2301b0519b4c4d037a9414212da6
  SwiftNIOTLS: 598af547490133e9aac52aed0c23c4a90c31dcfc
  SwiftNIOTransportServices: 0b2b407819d82eb63af558c5396e33c945759503
  SwiftProtobuf: b02b5075dcf60c9f5f403000b3b0c202a11b6ae1
  SwiftSRP: 98943ac8497e2e7fb1ab1b63f68810aefc28010c
  YapDatabase: 350ab72b61f9dcc32504594da1a52a93f5ef1476

PODFILE CHECKSUM: f9cc1a428218f06d578a5b4bfa06e7296231e178

COCOAPODS: 1.11.2
